
Microsoft Visual Studio Solution File, Format Version 12.00
# Visual Studio Version 17
VisualStudioVersion = 17.5.33414.496
MinimumVisualStudioVersion = 10.0.40219.1
Project("{FAE04EC0-301F-11D3-BF4B-00C04F79EFBC}") = "Urdan", "Urdan\Urdan.csproj", "{541AA8C3-62CE-4140-8E07-D0EC4EECC5C3}"
EndProject
Global
	GlobalSection(SolutionConfigurationPlatforms) = preSolution
		Debug|Any CPU = Debug|Any CPU
		Release|Any CPU = Release|Any CPU
	EndGlobalSection
	GlobalSection(ProjectConfigurationPlatforms) = postSolution
		{541AA8C3-62CE-4140-8E07-D0EC4EECC5C3}.Debug|Any CPU.ActiveCfg = Debug|Any CPU
		{541AA8C3-62CE-4140-8E07-D0EC4EECC5C3}.Debug|Any CPU.Build.0 = Debug|Any CPU
		{541AA8C3-62CE-4140-8E07-D0EC4EECC5C3}.Release|Any CPU.ActiveCfg = Release|Any CPU
		{541AA8C3-62CE-4140-8E07-D0EC4EECC5C3}.Release|Any CPU.Build.0 = Release|Any CPU
	EndGlobalSection
	GlobalSection(SolutionProperties) = preSolution
		HideSolutionNode = FALSE
	EndGlobalSection
	GlobalSection(ExtensibilityGlobals) = postSolution
		SolutionGuid = {55E61AC7-5BD8-45FB-8FF7-556E7C76193E}
	EndGlobalSection
EndGlobal
